
Microsoft Visual Studio Solution File, Format Version 12.00
Project("{FAE04EC0-301F-11D3-BF4B-00C04F79EFBC}") = "Graphs", "Graphs\Graphs.csproj", "{73CE719B-E139-41A6-A037-6435B7787009}"
EndProject
Project("{FAE04EC0-301F-11D3-BF4B-00C04F79EFBC}") = "Graphs.Tests", "Graphs.Tests\Graphs.Tests.csproj", "{49E4D771-7613-4044-8C7E-A324CAF9FA68}"
EndProject
Project("{FAE04EC0-301F-11D3-BF4B-00C04F79EFBC}") = "Utilities", "Utilities\Utilities.csproj", "{45F0718C-3CB2-458E-A42A-43EBDCF2E464}"
EndProject
Project("{FAE04EC0-301F-11D3-BF4B-00C04F79EFBC}") = "GraphCreation", "GraphCreation\GraphCreation.csproj", "{E031558C-A050-483D-B2C9-6C5946C853B9}"
EndProject
Project("{FAE04EC0-301F-11D3-BF4B-00C04F79EFBC}") = "GridUtilities.Tests", "GridUtilities.Tests\GridUtilities.Tests.csproj", "{7C131FA4-9482-4884-AB92-7225F257F5BD}"
EndProject
Project("{FAE04EC0-301F-11D3-BF4B-00C04F79EFBC}") = "GridUtilities", "GridUtilities\GridUtilities.csproj", "{3C73EEBD-002F-492E-BB95-03F4DEE70FF1}"
EndProject
Project("{FAE04EC0-301F-11D3-BF4B-00C04F79EFBC}") = "Utilities.Tests", "Utilities.Tests\Utilities.Tests.csproj", "{FE1962FD-DDBC-471F-B9E8-1CF48F7311D5}"
EndProject
Project("{FAE04EC0-301F-11D3-BF4B-00C04F79EFBC}") = "GraphCreation.Tests", "GraphCreation.Tests\GraphCreation.Tests.csproj", "{554CEDDC-384C-4CBB-969F-EC31A2FEFB8A}"
EndProject
Project("{FAE04EC0-301F-11D3-BF4B-00C04F79EFBC}") = "ObservableGraphs", "ObservableGraphs\ObservableGraphs.csproj", "{16445DE2-E2D8-4865-BAE8-584005CB562D}"
EndProject
Project("{FAE04EC0-301F-11D3-BF4B-00C04F79EFBC}") = "ObservableGraphs.Tests", "ObservableGraphs.Tests\ObservableGraphs.Tests.csproj", "{AA47AA49-7F59-4FAB-BA90-978C33768D0A}"
EndProject
Global
	GlobalSection(SolutionConfigurationPlatforms) = preSolution
		Debug|Any CPU = Debug|Any CPU
		Release|Any CPU = Release|Any CPU
	EndGlobalSection
	GlobalSection(ProjectConfigurationPlatforms) = postSolution
		{73CE719B-E139-41A6-A037-6435B7787009}.Debug|Any CPU.ActiveCfg = Debug|Any CPU
		{73CE719B-E139-41A6-A037-6435B7787009}.Debug|Any CPU.Build.0 = Debug|Any CPU
		{73CE719B-E139-41A6-A037-6435B7787009}.Release|Any CPU.ActiveCfg = Release|Any CPU
		{73CE719B-E139-41A6-A037-6435B7787009}.Release|Any CPU.Build.0 = Release|Any CPU
		{73CE719B-E139-41A6-A037-6435B7787009}.Release|Any CPU.Deploy.0 = Release|Any CPU
		{49E4D771-7613-4044-8C7E-A324CAF9FA68}.Debug|Any CPU.ActiveCfg = Debug|Any CPU
		{49E4D771-7613-4044-8C7E-A324CAF9FA68}.Release|Any CPU.ActiveCfg = Release|Any CPU
		{49E4D771-7613-4044-8C7E-A324CAF9FA68}.Debug|Any CPU.Build.0 = Debug|Any CPU
		{45F0718C-3CB2-458E-A42A-43EBDCF2E464}.Debug|Any CPU.ActiveCfg = Debug|Any CPU
		{45F0718C-3CB2-458E-A42A-43EBDCF2E464}.Debug|Any CPU.Build.0 = Debug|Any CPU
		{45F0718C-3CB2-458E-A42A-43EBDCF2E464}.Release|Any CPU.ActiveCfg = Release|Any CPU
		{45F0718C-3CB2-458E-A42A-43EBDCF2E464}.Release|Any CPU.Build.0 = Release|Any CPU
		{45F0718C-3CB2-458E-A42A-43EBDCF2E464}.Release|Any CPU.Deploy.0 = Release|Any CPU
		{E031558C-A050-483D-B2C9-6C5946C853B9}.Debug|Any CPU.ActiveCfg = Debug|Any CPU
		{E031558C-A050-483D-B2C9-6C5946C853B9}.Debug|Any CPU.Build.0 = Debug|Any CPU
		{E031558C-A050-483D-B2C9-6C5946C853B9}.Release|Any CPU.ActiveCfg = Release|Any CPU
		{E031558C-A050-483D-B2C9-6C5946C853B9}.Release|Any CPU.Build.0 = Release|Any CPU
		{E031558C-A050-483D-B2C9-6C5946C853B9}.Release|Any CPU.Deploy.0 = Release|Any CPU
		{7C131FA4-9482-4884-AB92-7225F257F5BD}.Debug|Any CPU.ActiveCfg = Debug|Any CPU
		{7C131FA4-9482-4884-AB92-7225F257F5BD}.Release|Any CPU.ActiveCfg = Release|Any CPU
		{7C131FA4-9482-4884-AB92-7225F257F5BD}.Debug|Any CPU.Build.0 = Debug|Any CPU
		{3C73EEBD-002F-492E-BB95-03F4DEE70FF1}.Debug|Any CPU.ActiveCfg = Debug|Any CPU
		{3C73EEBD-002F-492E-BB95-03F4DEE70FF1}.Debug|Any CPU.Build.0 = Debug|Any CPU
		{3C73EEBD-002F-492E-BB95-03F4DEE70FF1}.Release|Any CPU.ActiveCfg = Release|Any CPU
		{3C73EEBD-002F-492E-BB95-03F4DEE70FF1}.Release|Any CPU.Build.0 = Release|Any CPU
		{3C73EEBD-002F-492E-BB95-03F4DEE70FF1}.Release|Any CPU.Deploy.0 = Release|Any CPU
		{FE1962FD-DDBC-471F-B9E8-1CF48F7311D5}.Debug|Any CPU.ActiveCfg = Debug|Any CPU
		{FE1962FD-DDBC-471F-B9E8-1CF48F7311D5}.Release|Any CPU.ActiveCfg = Release|Any CPU
		{FE1962FD-DDBC-471F-B9E8-1CF48F7311D5}.Debug|Any CPU.Build.0 = Debug|Any CPU
		{554CEDDC-384C-4CBB-969F-EC31A2FEFB8A}.Debug|Any CPU.ActiveCfg = Debug|Any CPU
		{554CEDDC-384C-4CBB-969F-EC31A2FEFB8A}.Release|Any CPU.ActiveCfg = Release|Any CPU
		{554CEDDC-384C-4CBB-969F-EC31A2FEFB8A}.Debug|Any CPU.Build.0 = Debug|Any CPU
		{16445DE2-E2D8-4865-BAE8-584005CB562D}.Debug|Any CPU.ActiveCfg = Debug|Any CPU
		{16445DE2-E2D8-4865-BAE8-584005CB562D}.Debug|Any CPU.Build.0 = Debug|Any CPU
		{16445DE2-E2D8-4865-BAE8-584005CB562D}.Release|Any CPU.ActiveCfg = Release|Any CPU
		{16445DE2-E2D8-4865-BAE8-584005CB562D}.Release|Any CPU.Build.0 = Release|Any CPU
		{AA47AA49-7F59-4FAB-BA90-978C33768D0A}.Debug|Any CPU.ActiveCfg = Debug|Any CPU
		{AA47AA49-7F59-4FAB-BA90-978C33768D0A}.Debug|Any CPU.Build.0 = Debug|Any CPU
		{AA47AA49-7F59-4FAB-BA90-978C33768D0A}.Release|Any CPU.ActiveCfg = Release|Any CPU
		{AA47AA49-7F59-4FAB-BA90-978C33768D0A}.Release|Any CPU.Build.0 = Release|Any CPU
	EndGlobalSection
EndGlobal
